
Microsoft Visual Studio Solution File, Format Version 12.00
# Visual Studio Version 17
VisualStudioVersion = 17.2.32630.192
MinimumVisualStudioVersion = 10.0.40219.1
Project("{9A19103F-16F7-4668-BE54-9A1E7A4F7556}") = "Publisher", "12-Priority\Publisher\Publisher.csproj", "{B3EEE368-0F59-43F8-9A4E-34087C5E05BD}"
EndProject
Project("{FAE04EC0-301F-11D3-BF4B-00C04F79EFBC}") = "Worker", "12-Priority\Worker\Worker.csproj", "{27975257-D68B-4F49-BC3B-460D6D6F7490}"
EndProject
Global
	GlobalSection(SolutionConfigurationPlatforms) = preSolution
		Debug|Any CPU = Debug|Any CPU
		Release|Any CPU = Release|Any CPU
	EndGlobalSection
	GlobalSection(ProjectConfigurationPlatforms) = postSolution
		{B3EEE368-0F59-43F8-9A4E-34087C5E05BD}.Debug|Any CPU.ActiveCfg = Debug|Any CPU
		{B3EEE368-0F59-43F8-9A4E-34087C5E05BD}.Debug|Any CPU.Build.0 = Debug|Any CPU
		{B3EEE368-0F59-43F8-9A4E-34087C5E05BD}.Release|Any CPU.ActiveCfg = Release|Any CPU
		{B3EEE368-0F59-43F8-9A4E-34087C5E05BD}.Release|Any CPU.Build.0 = Release|Any CPU
		{27975257-D68B-4F49-BC3B-460D6D6F7490}.Debug|Any CPU.ActiveCfg = Debug|Any CPU
		{27975257-D68B-4F49-BC3B-460D6D6F7490}.Debug|Any CPU.Build.0 = Debug|Any CPU
		{27975257-D68B-4F49-BC3B-460D6D6F7490}.Release|Any CPU.ActiveCfg = Release|Any CPU
		{27975257-D68B-4F49-BC3B-460D6D6F7490}.Release|Any CPU.Build.0 = Release|Any CPU
	EndGlobalSection
	GlobalSection(SolutionProperties) = preSolution
		HideSolutionNode = FALSE
	EndGlobalSection
	GlobalSection(ExtensibilityGlobals) = postSolution
		SolutionGuid = {593E2FC4-E434-4683-A0CB-0F1E6376514D}
	EndGlobalSection
EndGlobal
